
Microsoft Visual Studio Solution File, Format Version 12.00
# Visual Studio Version 16
VisualStudioVersion = 16.0.30907.101
MinimumVisualStudioVersion = 10.0.40219.1
Project("{9A19103F-16F7-4668-BE54-9A1E7A4F7556}") = "Entities", "Entities\Entities.csproj", "{E51979EC-7AFF-4062-B080-91518C7AF641}"
EndProject
Project("{9A19103F-16F7-4668-BE54-9A1E7A4F7556}") = "DataAccess", "DataAccess\DataAccess.csproj", "{BDB1F0AA-2ADE-4BDB-9193-B3D363660DFE}"
EndProject
Project("{9A19103F-16F7-4668-BE54-9A1E7A4F7556}") = "Business", "Business\Business.csproj", "{9FD4A9C6-347F-4BB3-A450-4984576676F6}"
EndProject
Project("{9A19103F-16F7-4668-BE54-9A1E7A4F7556}") = "ConsoleUI", "Console\ConsoleUI.csproj", "{FE757403-23EA-4F3A-A65C-4F326D738AE6}"
EndProject
Global
	GlobalSection(SolutionConfigurationPlatforms) = preSolution
		Debug|Any CPU = Debug|Any CPU
		Release|Any CPU = Release|Any CPU
	EndGlobalSection
	GlobalSection(ProjectConfigurationPlatforms) = postSolution
		{E51979EC-7AFF-4062-B080-91518C7AF641}.Debug|Any CPU.ActiveCfg = Debug|Any CPU
		{E51979EC-7AFF-4062-B080-91518C7AF641}.Debug|Any CPU.Build.0 = Debug|Any CPU
		{E51979EC-7AFF-4062-B080-91518C7AF641}.Release|Any CPU.ActiveCfg = Release|Any CPU
		{E51979EC-7AFF-4062-B080-91518C7AF641}.Release|Any CPU.Build.0 = Release|Any CPU
		{BDB1F0AA-2ADE-4BDB-9193-B3D363660DFE}.Debug|Any CPU.ActiveCfg = Debug|Any CPU
		{BDB1F0AA-2ADE-4BDB-9193-B3D363660DFE}.Debug|Any CPU.Build.0 = Debug|Any CPU
		{BDB1F0AA-2ADE-4BDB-9193-B3D363660DFE}.Release|Any CPU.ActiveCfg = Release|Any CPU
		{BDB1F0AA-2ADE-4BDB-9193-B3D363660DFE}.Release|Any CPU.Build.0 = Release|Any CPU
		{9FD4A9C6-347F-4BB3-A450-4984576676F6}.Debug|Any CPU.ActiveCfg = Debug|Any CPU
		{9FD4A9C6-347F-4BB3-A450-4984576676F6}.Debug|Any CPU.Build.0 = Debug|Any CPU
		{9FD4A9C6-347F-4BB3-A450-4984576676F6}.Release|Any CPU.ActiveCfg = Release|Any CPU
		{9FD4A9C6-347F-4BB3-A450-4984576676F6}.Release|Any CPU.Build.0 = Release|Any CPU
		{FE757403-23EA-4F3A-A65C-4F326D738AE6}.Debug|Any CPU.ActiveCfg = Debug|Any CPU
		{FE757403-23EA-4F3A-A65C-4F326D738AE6}.Debug|Any CPU.Build.0 = Debug|Any CPU
		{FE757403-23EA-4F3A-A65C-4F326D738AE6}.Release|Any CPU.ActiveCfg = Release|Any CPU
		{FE757403-23EA-4F3A-A65C-4F326D738AE6}.Release|Any CPU.Build.0 = Release|Any CPU
	EndGlobalSection
	GlobalSection(SolutionProperties) = preSolution
		HideSolutionNode = FALSE
	EndGlobalSection
	GlobalSection(ExtensibilityGlobals) = postSolution
		SolutionGuid = {02A7D580-5A04-498D-B265-3973B130FBB4}
	EndGlobalSection
EndGlobal
